// !$*UTF8*$!
{
	archiveVersion = 1;
	classes = {
	};
	objectVersion = 50;
	objects = {

/* Begin PBXBuildFile section */
		BA3056D1257F5E0900AEA177 /* AppDelegate.swift in Sources */ = {isa = PBXBuildFile; fileRef = BA3056D0257F5E0900AEA177 /* AppDelegate.swift */; };
		BA3056D3257F5E0900AEA177 /* SceneDelegate.swift in Sources */ = {isa = PBXBuildFile; fileRef = BA3056D2257F5E0900AEA177 /* SceneDelegate.swift */; };
		BA3056D5257F5E0900AEA177 /* ViewController.swift in Sources */ = {isa = PBXBuildFile; fileRef = BA3056D4257F5E0900AEA177 /* ViewController.swift */; };
		BA3056D8257F5E0900AEA177 /* Main.storyboard in Resources */ = {isa = PBXBuildFile; fileRef = BA3056D6257F5E0900AEA177 /* Main.storyboard */; };
		BA3056DA257F5E0D00AEA177 /* Assets.xcassets in Resources */ = {isa = PBXBuildFile; fileRef = BA3056D9257F5E0D00AEA177 /* Assets.xcassets */; };
		BA3056DD257F5E0D00AEA177 /* LaunchScreen.storyboard in Resources */ = {isa = PBXBuildFile; fileRef = BA3056DB257F5E0D00AEA177 /* LaunchScreen.storyboard */; };
		BA3056E72581E93300AEA177 /* CalculationModel.swift in Sources */ = {isa = PBXBuildFile; fileRef = BA3056E62581E93300AEA177 /* CalculationModel.swift */; };
/* End PBXBuildFile section */

/* Begin PBXFileReference section */
		BA3056CD257F5E0900AEA177 /* BMI App Exercise.app */ = {isa = PBXFileReference; explicitFileType = wrapper.application; includeInIndex = 0; path = "BMI App Exercise.app"; sourceTree = BUILT_PRODUCTS_DIR; };
		BA3056D0257F5E0900AEA177 /* AppDelegate.swift */ = {isa = PBXFileReference; lastKnownFileType = sourcecode.swift; path = AppDelegate.swift; sourceTree = "<group>"; };
		BA3056D2257F5E0900AEA177 /* SceneDelegate.swift */ = {isa = PBXFileReference; lastKnownFileType = sourcecode.swift; path = SceneDelegate.swift; sourceTree = "<group>"; };
		BA3056D4257F5E0900AEA177 /* ViewController.swift */ = {isa = PBXFileReference; lastKnownFileType = sourcecode.swift; path = ViewController.swift; sourceTree = "<group>"; };
		BA3056D7257F5E0900AEA177 /* Base */ = {isa = PBXFileReference; lastKnownFileType = file.storyboard; name = Base; path = Base.lproj/Main.storyboard; sourceTree = "<group>"; };
		BA3056D9257F5E0D00AEA177 /* Assets.xcassets */ = {isa = PBXFileReference; lastKnownFileType = folder.assetcatalog; path = Assets.xcassets; sourceTree = "<group>"; };
		BA3056DC257F5E0D00AEA177 /* Base */ = {isa = PBXFileReference; lastKnownFileType = file.storyboard; name = Base; path = Base.lproj/LaunchScreen.storyboard; sourceTree = "<group>"; };
		BA3056DE257F5E0D00AEA177 /* Info.plist */ = {isa = PBXFileReference; lastKnownFileType = text.plist.xml; path = Info.plist; sourceTree = "<group>"; };
		BA3056E62581E93300AEA177 /* CalculationModel.swift */ = {isa = PBXFileReference; lastKnownFileType = sourcecode.swift; path = CalculationModel.swift; sourceTree = "<group>"; };
/* End PBXFileReference section */

/* Begin PBXFrameworksBuildPhase section */
		BA3056CA257F5E0900AEA177 /* Frameworks */ = {
			isa = PBXFrameworksBuildPhase;
			buildActionMask = 2147483647;
			files = (
			);
			runOnlyForDeploymentPostprocessing = 0;
		};
/* End PBXFrameworksBuildPhase section */

/* Begin PBXGroup section */
		BA3056C4257F5E0900AEA177 = {
			isa = PBXGroup;
			children = (
				BA3056CF257F5E0900AEA177 /* BMI App Exercise */,
				BA3056CE257F5E0900AEA177 /* Products */,
			);
			sourceTree = "<group>";
		};
		BA3056CE257F5E0900AEA177 /* Products */ = {
			isa = PBXGroup;
			children = (
				BA3056CD257F5E0900AEA177 /* BMI App Exercise.app */,
			);
			name = Products;
			sourceTree = "<group>";
		};
		BA3056CF257F5E0900AEA177 /* BMI App Exercise */ = {
			isa = PBXGroup;
			children = (
				BA3056D0257F5E0900AEA177 /* AppDelegate.swift */,
				BA3056D2257F5E0900AEA177 /* SceneDelegate.swift */,
				BA3056E62581E93300AEA177 /* CalculationModel.swift */,
				BA3056D4257F5E0900AEA177 /* ViewController.swift */,
				BA3056D6257F5E0900AEA177 /* Main.storyboard */,
				BA3056D9257F5E0D00AEA177 /* Assets.xcassets */,
				BA3056DB257F5E0D00AEA177 /* LaunchScreen.storyboard */,
				BA3056DE257F5E0D00AEA177 /* Info.plist */,
			);
			path = "BMI App Exercise";
			sourceTree = "<group>";
		};
/* End PBXGroup section */

/* Begin PBXNativeTarget section */
		BA3056CC257F5E0900AEA177 /* BMI App Exercise */ = {
			isa = PBXNativeTarget;
			buildConfigurationList = BA3056E1257F5E0D00AEA177 /* Build configuration list for PBXNativeTarget "BMI App Exercise" */;
			buildPhases = (
				BA3056C9257F5E0900AEA177 /* Sources */,
				BA3056CA257F5E0900AEA177 /* Frameworks */,
				BA3056CB257F5E0900AEA177 /* Resources */,
			);
			buildRules = (
			);
			dependencies = (
			);
			name = "BMI App Exercise";
			productName = "BMI App Exercise";
			productReference = BA3056CD257F5E0900AEA177 /* BMI App Exercise.app */;
			productType = "com.apple.product-type.application";
		};
/* End PBXNativeTarget section */

/* Begin PBXProject section */
		BA3056C5257F5E0900AEA177 /* Project object */ = {
			isa = PBXProject;
			attributes = {
				LastSwiftUpdateCheck = 1220;
				LastUpgradeCheck = 1220;
				TargetAttributes = {
					BA3056CC257F5E0900AEA177 = {
						CreatedOnToolsVersion = 12.2;
					};
				};
			};
			buildConfigurationList = BA3056C8257F5E0900AEA177 /* Build configuration list for PBXProject "BMI App Exercise" */;
			compatibilityVersion = "Xcode 9.3";
			developmentRegion = en;
			hasScannedForEncodings = 0;
			knownRegions = (
				en,
				Base,
			);
			mainGroup = BA3056C4257F5E0900AEA177;
			productRefGroup = BA3056CE257F5E0900AEA177 /* Products */;
			projectDirPath = "";
			projectRoot = "";
			targets = (
				BA3056CC257F5E0900AEA177 /* BMI App Exercise */,
			);
		};
/* End PBXProject section */

/* Begin PBXResourcesBuildPhase section */
		BA3056CB257F5E0900AEA177 /* Resources */ = {
			isa = PBXResourcesBuildPhase;
			buildActionMask = 2147483647;
			files = (
				BA3056DD257F5E0D00AEA177 /* LaunchScreen.storyboard in Resources */,
				BA3056DA257F5E0D00AEA177 /* Assets.xcassets in Resources */,
				BA3056D8257F5E0900AEA177 /* Main.storyboard in Resources */,
			);
			runOnlyForDeploymentPostprocessing = 0;
		};
/* End PBXResourcesBuildPhase section */

/* Begin PBXSourcesBuildPhase section */
		BA3056C9257F5E0900AEA177 /* Sources */ = {
			isa = PBXSourcesBuildPhase;
			buildActionMask = 2147483647;
			files = (
				BA3056D5257F5E0900AEA177 /* ViewController.swift in Sources */,
				BA3056E72581E93300AEA177 /* CalculationModel.swift in Sources */,
				BA3056D1257F5E0900AEA177 /* AppDelegate.swift in Sources */,
				BA3056D3257F5E0900AEA177 /* SceneDelegate.swift in Sources */,
			);
			runOnlyForDeploymentPostprocessing = 0;
		};
/* End PBXSourcesBuildPhase section */

/* Begin PBXVariantGroup section */
		BA3056D6257F5E0900AEA177 /* Main.storyboard */ = {
			isa = PBXVariantGroup;
			children = (
				BA3056D7257F5E0900AEA177 /* Base */,
			);
			name = Main.storyboard;
			sourceTree = "<group>";
		};
		BA3056DB257F5E0D00AEA177 /* LaunchScreen.storyboard */ = {
			isa = PBXVariantGroup;
			children = (
				BA3056DC257F5E0D00AEA177 /* Base */,
			);
			name = LaunchScreen.storyboard;
			sourceTree = "<group>";
		};
/* End PBXVariantGroup section */

/* Begin XCBuildConfiguration section */
		BA3056DF257F5E0D00AEA177 /* Debug */ = {
			isa = XCBuildConfiguration;
			buildSettings = {
				ALWAYS_SEARCH_USER_PATHS = NO;
				CLANG_ANALYZER_NONNULL = YES;
				CLANG_ANALYZER_NUMBER_OBJECT_CONVERSION = YES_AGGRESSIVE;
				CLANG_CXX_LANGUAGE_STANDARD = "gnu++14";
				CLANG_CXX_LIBRARY = "libc++";
				CLANG_ENABLE_MODULES = YES;
				CLANG_ENABLE_OBJC_ARC = YES;
				CLANG_ENABLE_OBJC_WEAK = YES;
				CLANG_WARN_BLOCK_CAPTURE_AUTORELEASING = YES;
				CLANG_WARN_BOOL_CONVERSION = YES;
				CLANG_WARN_COMMA = YES;
				CLANG_WARN_CONSTANT_CONVERSION = YES;
				CLANG_WARN_DEPRECATED_OBJC_IMPLEMENTATIONS = YES;
				CLANG_WARN_DIRECT_OBJC_ISA_USAGE = YES_ERROR;
				CLANG_WARN_DOCUMENTATION_COMMENTS = YES;
				CLANG_WARN_EMPTY_BODY = YES;
				CLANG_WARN_ENUM_CONVERSION = YES;
				CLANG_WARN_INFINITE_RECURSION = YES;
				CLANG_WARN_INT_CONVERSION = YES;
				CLANG_WARN_NON_LITERAL_NULL_CONVERSION = YES;
				CLANG_WARN_OBJC_IMPLICIT_RETAIN_SELF = YES;
				CLANG_WARN_OBJC_LITERAL_CONVERSION = YES;
				CLANG_WARN_OBJC_ROOT_CLASS = YES_ERROR;
				CLANG_WARN_QUOTED_INCLUDE_IN_FRAMEWORK_HEADER = YES;
				CLANG_WARN_RANGE_LOOP_ANALYSIS = YES;
				CLANG_WARN_STRICT_PROTOTYPES = YES;
				CLANG_WARN_SUSPICIOUS_MOVE = YES;
				CLANG_WARN_UNGUARDED_AVAILABILITY = YES_AGGRESSIVE;
				CLANG_WARN_UNREACHABLE_CODE = YES;
				CLANG_WARN__DUPLICATE_METHOD_MATCH = YES;
				COPY_PHASE_STRIP = NO;
				DEBUG_INFORMATION_FORMAT = dwarf;
				ENABLE_STRICT_OBJC_MSGSEND = YES;
				ENABLE_TESTABILITY = YES;
				GCC_C_LANGUAGE_STANDARD = gnu11;
				GCC_DYNAMIC_NO_PIC = NO;
				GCC_NO_COMMON_BLOCKS = YES;
				GCC_OPTIMIZATION_LEVEL = 0;
				GCC_PREPROCESSOR_DEFINITIONS = (
					"DEBUG=1",
					"$(inherited)",
				);
				GCC_WARN_64_TO_32_BIT_CONVERSION = YES;
				GCC_WARN_ABOUT_RETURN_TYPE = YES_ERROR;
				GCC_WARN_UNDECLARED_SELECTOR = YES;
				GCC_WARN_UNINITIALIZED_AUTOS = YES_AGGRESSIVE;
				GCC_WARN_UNUSED_FUNCTION = YES;
				GCC_WARN_UNUSED_VARIABLE = YES;
				IPHONEOS_DEPLOYMENT_TARGET = 14.2;
				MTL_ENABLE_DEBUG_INFO = INCLUDE_SOURCE;
				MTL_FAST_MATH = YES;
				ONLY_ACTIVE_ARCH = YES;
				SDKROOT = iphoneos;
				SWIFT_ACTIVE_COMPILATION_CONDITIONS = DEBUG;
				SWIFT_OPTIMIZATION_LEVEL = "-Onone";
			};
			name = Debug;
		};
		BA3056E0257F5E0D00AEA177 /* Release */ = {
			isa = XCBuildConfiguration;
			buildSettings = {
				ALWAYS_SEARCH_USER_PATHS = NO;
				CLANG_ANALYZER_NONNULL = YES;
				CLANG_ANALYZER_NUMBER_OBJECT_CONVERSION = YES_AGGRESSIVE;
				CLANG_CXX_LANGUAGE_STANDARD = "gnu++14";
				CLANG_CXX_LIBRARY = "libc++";
				CLANG_ENABLE_MODULES = YES;
				CLANG_ENABLE_OBJC_ARC = YES;
				CLANG_ENABLE_OBJC_WEAK = YES;
				CLANG_WARN_BLOCK_CAPTURE_AUTORELEASING = YES;
				CLANG_WARN_BOOL_CONVERSION = YES;
				CLANG_WARN_COMMA = YES;
				CLANG_WARN_CONSTANT_CONVERSION = YES;
				CLANG_WARN_DEPRECATED_OBJC_IMPLEMENTATIONS = YES;
				CLANG_WARN_DIRECT_OBJC_ISA_USAGE = YES_ERROR;
				CLANG_WARN_DOCUMENTATION_COMMENTS = YES;
				CLANG_WARN_EMPTY_BODY = YES;
				CLANG_WARN_ENUM_CONVERSION = YES;
				CLANG_WARN_INFINITE_RECURSION = YES;
				CLANG_WARN_INT_CONVERSION = YES;
				CLANG_WARN_NON_LITERAL_NULL_CONVERSION = YES;
				CLANG_WARN_OBJC_IMPLICIT_RETAIN_SELF = YES;
				CLANG_WARN_OBJC_LITERAL_CONVERSION = YES;
				CLANG_WARN_OBJC_ROOT_CLASS = YES_ERROR;
				CLANG_WARN_QUOTED_INCLUDE_IN_FRAMEWORK_HEADER = YES;
				CLANG_WARN_RANGE_LOOP_ANALYSIS = YES;
				CLANG_WARN_STRICT_PROTOTYPES = YES;
				CLANG_WARN_SUSPICIOUS_MOVE = YES;
				CLANG_WARN_UNGUARDED_AVAILABILITY = YES_AGGRESSIVE;
				CLANG_WARN_UNREACHABLE_CODE = YES;
				CLANG_WARN__DUPLICATE_METHOD_MATCH = YES;
				COPY_PHASE_STRIP = NO;
				DEBUG_INFORMATION_FORMAT = "dwarf-with-dsym";
				ENABLE_NS_ASSERTIONS = NO;
				ENABLE_STRICT_OBJC_MSGSEND = YES;
				GCC_C_LANGUAGE_STANDARD = gnu11;
				GCC_NO_COMMON_BLOCKS = YES;
				GCC_WARN_64_TO_32_BIT_CONVERSION = YES;
				GCC_WARN_ABOUT_RETURN_TYPE = YES_ERROR;
				GCC_WARN_UNDECLARED_SELECTOR = YES;
				GCC_WARN_UNINITIALIZED_AUTOS = YES_AGGRESSIVE;
				GCC_WARN_UNUSED_FUNCTION = YES;
				GCC_WARN_UNUSED_VARIABLE = YES;
				IPHONEOS_DEPLOYMENT_TARGET = 14.2;
				MTL_ENABLE_DEBUG_INFO = NO;
				MTL_FAST_MATH = YES;
				SDKROOT = iphoneos;
				SWIFT_COMPILATION_MODE = wholemodule;
				SWIFT_OPTIMIZATION_LEVEL = "-O";
				VALIDATE_PRODUCT = YES;
			};
			name = Release;
		};
		BA3056E2257F5E0D00AEA177 /* Debug */ = {
			isa = XCBuildConfiguration;
			buildSettings = {
				ASSETCATALOG_COMPILER_APPICON_NAME = AppIcon;
				ASSETCATALOG_COMPILER_GLOBAL_ACCENT_COLOR_NAME = AccentColor;
				CODE_SIGN_STYLE = Automatic;
				DEVELOPMENT_TEAM = PWC92C5B75;
				INFOPLIST_FILE = "BMI App Exercise/Info.plist";
				LD_RUNPATH_SEARCH_PATHS = (
					"$(inherited)",
					"@executable_path/Frameworks",
				);
				PRODUCT_BUNDLE_IDENTIFIER = "com.gilangsinawang.BMI-App-Exercise";
				PRODUCT_NAME = "$(TARGET_NAME)";
				SWIFT_VERSION = 5.0;
				TARGETED_DEVICE_FAMILY = "1,2";
			};
			name = Debug;
		};
		BA3056E3257F5E0D00AEA177 /* Release */ = {
			isa = XCBuildConfiguration;
			buildSettings = {
				ASSETCATALOG_COMPILER_APPICON_NAME = AppIcon;
				ASSETCATALOG_COMPILER_GLOBAL_ACCENT_COLOR_NAME = AccentColor;
				CODE_SIGN_STYLE = Automatic;
				DEVELOPMENT_TEAM = PWC92C5B75;
				INFOPLIST_FILE = "BMI App Exercise/Info.plist";
				LD_RUNPATH_SEARCH_PATHS = (
					"$(inherited)",
					"@executable_path/Frameworks",
				);
				PRODUCT_BUNDLE_IDENTIFIER = "com.gilangsinawang.BMI-App-Exercise";
				PRODUCT_NAME = "$(TARGET_NAME)";
				SWIFT_VERSION = 5.0;
				TARGETED_DEVICE_FAMILY = "1,2";
			};
			name = Release;
		};
/* End XCBuildConfiguration section */

/* Begin XCConfigurationList section */
		BA3056C8257F5E0900AEA177 /* Build configuration list for PBXProject "BMI App Exercise" */ = {
			isa = XCConfigurationList;
			buildConfigurations = (
				BA3056DF257F5E0D00AEA177 /* Debug */,
				BA3056E0257F5E0D00AEA177 /* Release */,
			);
			defaultConfigurationIsVisible = 0;
			defaultConfigurationName = Release;
		};
		BA3056E1257F5E0D00AEA177 /* Build configuration list for PBXNativeTarget "BMI App Exercise" */ = {
			isa = XCConfigurationList;
			buildConfigurations = (
				BA3056E2257F5E0D00AEA177 /* Debug */,
				BA3056E3257F5E0D00AEA177 /* Release */,
			);
			defaultConfigurationIsVisible = 0;
			defaultConfigurationName = Release;
		};
/* End XCConfigurationList section */
	};
	rootObject = BA3056C5257F5E0900AEA177 /* Project object */;
}
